
Microsoft Visual Studio Solution File, Format Version 12.00
# Visual Studio Version 17
VisualStudioVersion = 17.8.34511.84
MinimumVisualStudioVersion = 10.0.40219.1
Project("{FAE04EC0-301F-11D3-BF4B-00C04F79EFBC}") = "MyTodoApp", "MyTodoApp\MyTodoApp.csproj", "{D26FF1CD-BD96-4ADD-B4F6-8FDEC6BFC0DF}"
EndProject
Global
	GlobalSection(SolutionConfigurationPlatforms) = preSolution
		Debug|Any CPU = Debug|Any CPU
		Release|Any CPU = Release|Any CPU
	EndGlobalSection
	GlobalSection(ProjectConfigurationPlatforms) = postSolution
		{D26FF1CD-BD96-4ADD-B4F6-8FDEC6BFC0DF}.Debug|Any CPU.ActiveCfg = Debug|Any CPU
		{D26FF1CD-BD96-4ADD-B4F6-8FDEC6BFC0DF}.Debug|Any CPU.Build.0 = Debug|Any CPU
		{D26FF1CD-BD96-4ADD-B4F6-8FDEC6BFC0DF}.Release|Any CPU.ActiveCfg = Release|Any CPU
		{D26FF1CD-BD96-4ADD-B4F6-8FDEC6BFC0DF}.Release|Any CPU.Build.0 = Release|Any CPU
	EndGlobalSection
	GlobalSection(SolutionProperties) = preSolution
		HideSolutionNode = FALSE
	EndGlobalSection
	GlobalSection(ExtensibilityGlobals) = postSolution
		SolutionGuid = {A7E432E3-9725-4DDA-90B8-7C4219610D9A}
	EndGlobalSection
EndGlobal
